// !$*UTF8*$!
{
	archiveVersion = 1;
	classes = {
	};
	objectVersion = 46;
	objects = {

/* Begin PBXBuildFile section */
		FC00AC9A16C539C800BE112E /* UIKit.framework in Frameworks */ = {isa = PBXBuildFile; fileRef = FC00AC9916C539C800BE112E /* UIKit.framework */; };
		FC00AC9C16C539C800BE112E /* Foundation.framework in Frameworks */ = {isa = PBXBuildFile; fileRef = FC00AC9B16C539C800BE112E /* Foundation.framework */; };
		FC00AC9E16C539C800BE112E /* CoreGraphics.framework in Frameworks */ = {isa = PBXBuildFile; fileRef = FC00AC9D16C539C800BE112E /* CoreGraphics.framework */; };
		FC00ACA416C539C800BE112E /* InfoPlist.strings in Resources */ = {isa = PBXBuildFile; fileRef = FC00ACA216C539C800BE112E /* InfoPlist.strings */; };
		FC00ACA616C539C800BE112E /* main.m in Sources */ = {isa = PBXBuildFile; fileRef = FC00ACA516C539C800BE112E /* main.m */; };
		FC00ACAA16C539C800BE112E /* AppDelegate.m in Sources */ = {isa = PBXBuildFile; fileRef = FC00ACA916C539C800BE112E /* AppDelegate.m */; };
		FC00ACAC16C539C800BE112E /* Default.png in Resources */ = {isa = PBXBuildFile; fileRef = FC00ACAB16C539C800BE112E /* Default.png */; };
		FC00ACAE16C539C800BE112E /* Default@2x.png in Resources */ = {isa = PBXBuildFile; fileRef = FC00ACAD16C539C800BE112E /* Default@2x.png */; };
		FC00ACB016C539C800BE112E /* Default-568h@2x.png in Resources */ = {isa = PBXBuildFile; fileRef = FC00ACAF16C539C800BE112E /* Default-568h@2x.png */; };
		FC00ACCA16C56CEC00BE112E /* MainStoryboard.storyboard in Resources */ = {isa = PBXBuildFile; fileRef = FC00ACC916C56CEC00BE112E /* MainStoryboard.storyboard */; };
		FC00ACCC16C56E7C00BE112E /* CoreImage.framework in Frameworks */ = {isa = PBXBuildFile; fileRef = FC00ACCB16C56E7C00BE112E /* CoreImage.framework */; };
		FC00ACD216C56E9800BE112E /* AVFoundation.framework in Frameworks */ = {isa = PBXBuildFile; fileRef = FC00ACD116C56E9700BE112E /* AVFoundation.framework */; };
		FC00ACD416C56EE600BE112E /* QuartzCore.framework in Frameworks */ = {isa = PBXBuildFile; fileRef = FC00ACD316C56EE600BE112E /* QuartzCore.framework */; };
		FC00ACD916C56F2A00BE112E /* CoreVideo.framework in Frameworks */ = {isa = PBXBuildFile; fileRef = FC00ACD716C56F2A00BE112E /* CoreVideo.framework */; };
		FC18515A16D4338500630140 /* FourierTransform.m in Sources */ = {isa = PBXBuildFile; fileRef = FC18515916D4338500630140 /* FourierTransform.m */; };
		FC18515D16D5195C00630140 /* LearnViewController.m in Sources */ = {isa = PBXBuildFile; fileRef = FC18515C16D5195C00630140 /* LearnViewController.m */; };
		FC18516016D533DA00630140 /* RectFrameLearnView.m in Sources */ = {isa = PBXBuildFile; fileRef = FC18515F16D533DA00630140 /* RectFrameLearnView.m */; };
		FC43B6B416CADB0400BF4048 /* CoreMotion.framework in Frameworks */ = {isa = PBXBuildFile; fileRef = FC43B6B316CADB0400BF4048 /* CoreMotion.framework */; };
		FC43B6B616CADB0C00BF4048 /* AudioToolbox.framework in Frameworks */ = {isa = PBXBuildFile; fileRef = FC43B6B516CADB0C00BF4048 /* AudioToolbox.framework */; };
		FC43B6B816CADE9300BF4048 /* CoreMedia.framework in Frameworks */ = {isa = PBXBuildFile; fileRef = FC43B6B716CADE9300BF4048 /* CoreMedia.framework */; };
		FC43B6BB16CB093500BF4048 /* TemplateTableViewController.m in Sources */ = {isa = PBXBuildFile; fileRef = FC43B6BA16CB093400BF4048 /* TemplateTableViewController.m */; };
		FC43B73016CD725B00BF4048 /* Accelerate.framework in Frameworks */ = {isa = PBXBuildFile; fileRef = FC43B72F16CD725A00BF4048 /* Accelerate.framework */; };
		FC602AFB16DBB265005FDAC8 /* opencv2.framework in Frameworks */ = {isa = PBXBuildFile; fileRef = FC602AFA16DBB265005FDAC8 /* opencv2.framework */; };
		FCA6A1FA16CAD0F200E81581 /* FileStorageHelper.m in Sources */ = {isa = PBXBuildFile; fileRef = FCA6A1F916CAD0F200E81581 /* FileStorageHelper.m */; };
		FCB7664D16D7DB0200A5EAE8 /* libz.dylib in Frameworks */ = {isa = PBXBuildFile; fileRef = FCB7664C16D7DB0200A5EAE8 /* libz.dylib */; };
		FCB7665016D7DC7100A5EAE8 /* UIImage+OpenCV.mm in Sources */ = {isa = PBXBuildFile; fileRef = FCB7664F16D7DC7100A5EAE8 /* UIImage+OpenCV.mm */; };
		FCBE9A2816CACEB60024CAE4 /* ChoicesViewController.m in Sources */ = {isa = PBXBuildFile; fileRef = FCBE9A1316CACEB60024CAE4 /* ChoicesViewController.m */; };
		FCBE9A2A16CACEB60024CAE4 /* OptionsViewController.m in Sources */ = {isa = PBXBuildFile; fileRef = FCBE9A1716CACEB60024CAE4 /* OptionsViewController.m */; };
		FCBE9A2B16CACEB60024CAE4 /* SettingsViewController.m in Sources */ = {isa = PBXBuildFile; fileRef = FCBE9A1916CACEB60024CAE4 /* SettingsViewController.m */; };
		FCBE9A2C16CACEB60024CAE4 /* CameraViewController.m in Sources */ = {isa = PBXBuildFile; fileRef = FCBE9A1B16CACEB60024CAE4 /* CameraViewController.m */; };
		FCBE9A2D16CACEB60024CAE4 /* DetectPhotoViewController.m in Sources */ = {isa = PBXBuildFile; fileRef = FCBE9A1D16CACEB60024CAE4 /* DetectPhotoViewController.m */; };
		FCBE9A2E16CACEB60024CAE4 /* HOGFeature.m in Sources */ = {isa = PBXBuildFile; fileRef = FCBE9A1F16CACEB60024CAE4 /* HOGFeature.m */; };
		FCBE9A2F16CACEB60024CAE4 /* ConvolutionHelper.m in Sources */ = {isa = PBXBuildFile; fileRef = FCBE9A2116CACEB60024CAE4 /* ConvolutionHelper.m */; };
		FCBE9A3016CACEB60024CAE4 /* ImageProcessingHelper.m in Sources */ = {isa = PBXBuildFile; fileRef = FCBE9A2316CACEB60024CAE4 /* ImageProcessingHelper.m */; };
		FCBE9A3216CACEB60024CAE4 /* DetectView.m in Sources */ = {isa = PBXBuildFile; fileRef = FCBE9A2716CACEB60024CAE4 /* DetectView.m */; };
		FCFB1BE416D675FF004F0B54 /* TrainingImagesTableViewController.m in Sources */ = {isa = PBXBuildFile; fileRef = FCFB1BE316D675FF004F0B54 /* TrainingImagesTableViewController.m */; };
		FCFB1BEB16D6909D004F0B54 /* ShowTrainingImageViewController.m in Sources */ = {isa = PBXBuildFile; fileRef = FCFB1BEA16D6909D004F0B54 /* ShowTrainingImageViewController.m */; };
		FCFB1BEE16D6BEE6004F0B54 /* UIImage+Resize.m in Sources */ = {isa = PBXBuildFile; fileRef = FCFB1BED16D6BEE5004F0B54 /* UIImage+Resize.m */; };
		FCFB1BF216D6BF8F004F0B54 /* UIImage+Alpha.m in Sources */ = {isa = PBXBuildFile; fileRef = FCFB1BF116D6BF8F004F0B54 /* UIImage+Alpha.m */; };
		FCFB1BF516D6BF9A004F0B54 /* UIImage+RoundedCorner.m in Sources */ = {isa = PBXBuildFile; fileRef = FCFB1BF416D6BF9A004F0B54 /* UIImage+RoundedCorner.m */; };
		FCFB1BF816D6F364004F0B54 /* TrainingClassifier.mm in Sources */ = {isa = PBXBuildFile; fileRef = FCFB1BF716D6F364004F0B54 /* TrainingClassifier.mm */; };
/* End PBXBuildFile section */

/* Begin PBXFileReference section */
		FC00AC9616C539C800BE112E /* DetectMe.app */ = {isa = PBXFileReference; explicitFileType = wrapper.application; includeInIndex = 0; path = DetectMe.app; sourceTree = BUILT_PRODUCTS_DIR; };
		FC00AC9916C539C800BE112E /* UIKit.framework */ = {isa = PBXFileReference; lastKnownFileType = wrapper.framework; name = UIKit.framework; path = System/Library/Frameworks/UIKit.framework; sourceTree = SDKROOT; };
		FC00AC9B16C539C800BE112E /* Foundation.framework */ = {isa = PBXFileReference; lastKnownFileType = wrapper.framework; name = Foundation.framework; path = System/Library/Frameworks/Foundation.framework; sourceTree = SDKROOT; };
		FC00AC9D16C539C800BE112E /* CoreGraphics.framework */ = {isa = PBXFileReference; lastKnownFileType = wrapper.framework; name = CoreGraphics.framework; path = System/Library/Frameworks/CoreGraphics.framework; sourceTree = SDKROOT; };
		FC00ACA116C539C800BE112E /* DetectMe-Info.plist */ = {isa = PBXFileReference; lastKnownFileType = text.plist.xml; path = "DetectMe-Info.plist"; sourceTree = "<group>"; };
		FC00ACA316C539C800BE112E /* en */ = {isa = PBXFileReference; lastKnownFileType = text.plist.strings; name = en; path = en.lproj/InfoPlist.strings; sourceTree = "<group>"; };
		FC00ACA516C539C800BE112E /* main.m */ = {isa = PBXFileReference; lastKnownFileType = sourcecode.c.objc; path = main.m; sourceTree = "<group>"; };
		FC00ACA716C539C800BE112E /* DetectMe-Prefix.pch */ = {isa = PBXFileReference; lastKnownFileType = sourcecode.c.h; path = "DetectMe-Prefix.pch"; sourceTree = "<group>"; };
		FC00ACA816C539C800BE112E /* AppDelegate.h */ = {isa = PBXFileReference; lastKnownFileType = sourcecode.c.h; path = AppDelegate.h; sourceTree = "<group>"; };
		FC00ACA916C539C800BE112E /* AppDelegate.m */ = {isa = PBXFileReference; lastKnownFileType = sourcecode.c.objc; path = AppDelegate.m; sourceTree = "<group>"; };
		FC00ACAB16C539C800BE112E /* Default.png */ = {isa = PBXFileReference; lastKnownFileType = image.png; path = Default.png; sourceTree = "<group>"; };
		FC00ACAD16C539C800BE112E /* Default@2x.png */ = {isa = PBXFileReference; lastKnownFileType = image.png; path = "Default@2x.png"; sourceTree = "<group>"; };
		FC00ACAF16C539C800BE112E /* Default-568h@2x.png */ = {isa = PBXFileReference; lastKnownFileType = image.png; path = "Default-568h@2x.png"; sourceTree = "<group>"; };
		FC00ACC916C56CEC00BE112E /* MainStoryboard.storyboard */ = {isa = PBXFileReference; fileEncoding = 4; lastKnownFileType = file.storyboard; path = MainStoryboard.storyboard; sourceTree = "<group>"; };
		FC00ACCB16C56E7C00BE112E /* CoreImage.framework */ = {isa = PBXFileReference; lastKnownFileType = wrapper.framework; name = CoreImage.framework; path = System/Library/Frameworks/CoreImage.framework; sourceTree = SDKROOT; };
		FC00ACCD16C56E8900BE112E /* ImageIO.framework */ = {isa = PBXFileReference; lastKnownFileType = wrapper.framework; name = ImageIO.framework; path = System/Library/Frameworks/ImageIO.framework; sourceTree = SDKROOT; };
		FC00ACCF16C56E9200BE112E /* AssetsLibrary.framework */ = {isa = PBXFileReference; lastKnownFileType = wrapper.framework; name = AssetsLibrary.framework; path = System/Library/Frameworks/AssetsLibrary.framework; sourceTree = SDKROOT; };
		FC00ACD116C56E9700BE112E /* AVFoundation.framework */ = {isa = PBXFileReference; lastKnownFileType = wrapper.framework; name = AVFoundation.framework; path = System/Library/Frameworks/AVFoundation.framework; sourceTree = SDKROOT; };
		FC00ACD316C56EE600BE112E /* QuartzCore.framework */ = {isa = PBXFileReference; lastKnownFileType = wrapper.framework; path = QuartzCore.framework; sourceTree = "<group>"; };
		FC00ACD516C56F0800BE112E /* MediaPlayer.framework */ = {isa = PBXFileReference; lastKnownFileType = wrapper.framework; path = MediaPlayer.framework; sourceTree = "<group>"; };
		FC00ACD716C56F2A00BE112E /* CoreVideo.framework */ = {isa = PBXFileReference; lastKnownFileType = wrapper.framework; path = CoreVideo.framework; sourceTree = "<group>"; };
		FC00ACD816C56F2A00BE112E /* MobileCoreServices.framework */ = {isa = PBXFileReference; lastKnownFileType = wrapper.framework; path = MobileCoreServices.framework; sourceTree = "<group>"; };
		FC18515816D4338500630140 /* FourierTransform.h */ = {isa = PBXFileReference; fileEncoding = 4; lastKnownFileType = sourcecode.c.h; path = FourierTransform.h; sourceTree = "<group>"; };
		FC18515916D4338500630140 /* FourierTransform.m */ = {isa = PBXFileReference; fileEncoding = 4; lastKnownFileType = sourcecode.c.objc; path = FourierTransform.m; sourceTree = "<group>"; };
		FC18515B16D5195C00630140 /* LearnViewController.h */ = {isa = PBXFileReference; fileEncoding = 4; lastKnownFileType = sourcecode.c.h; path = LearnViewController.h; sourceTree = "<group>"; };
		FC18515C16D5195C00630140 /* LearnViewController.m */ = {isa = PBXFileReference; fileEncoding = 4; lastKnownFileType = sourcecode.c.objc; path = LearnViewController.m; sourceTree = "<group>"; };
		FC18515E16D533D900630140 /* RectFrameLearnView.h */ = {isa = PBXFileReference; fileEncoding = 4; lastKnownFileType = sourcecode.c.h; path = RectFrameLearnView.h; sourceTree = "<group>"; };
		FC18515F16D533DA00630140 /* RectFrameLearnView.m */ = {isa = PBXFileReference; fileEncoding = 4; lastKnownFileType = sourcecode.c.objc; path = RectFrameLearnView.m; sourceTree = "<group>"; };
		FC43B6B316CADB0400BF4048 /* CoreMotion.framework */ = {isa = PBXFileReference; lastKnownFileType = wrapper.framework; name = CoreMotion.framework; path = System/Library/Frameworks/CoreMotion.framework; sourceTree = SDKROOT; };
		FC43B6B516CADB0C00BF4048 /* AudioToolbox.framework */ = {isa = PBXFileReference; lastKnownFileType = wrapper.framework; name = AudioToolbox.framework; path = System/Library/Frameworks/AudioToolbox.framework; sourceTree = SDKROOT; };
		FC43B6B716CADE9300BF4048 /* CoreMedia.framework */ = {isa = PBXFileReference; lastKnownFileType = wrapper.framework; name = CoreMedia.framework; path = System/Library/Frameworks/CoreMedia.framework; sourceTree = SDKROOT; };
		FC43B6B916CB093400BF4048 /* TemplateTableViewController.h */ = {isa = PBXFileReference; fileEncoding = 4; lastKnownFileType = sourcecode.c.h; path = TemplateTableViewController.h; sourceTree = "<group>"; };
		FC43B6BA16CB093400BF4048 /* TemplateTableViewController.m */ = {isa = PBXFileReference; fileEncoding = 4; lastKnownFileType = sourcecode.c.objc; path = TemplateTableViewController.m; sourceTree = "<group>"; };
		FC43B72F16CD725A00BF4048 /* Accelerate.framework */ = {isa = PBXFileReference; lastKnownFileType = wrapper.framework; name = Accelerate.framework; path = System/Library/Frameworks/Accelerate.framework; sourceTree = SDKROOT; };
		FC602AFA16DBB265005FDAC8 /* opencv2.framework */ = {isa = PBXFileReference; lastKnownFileType = wrapper.framework; path = opencv2.framework; sourceTree = "<group>"; };
		FCA6A1F816CAD0F200E81581 /* FileStorageHelper.h */ = {isa = PBXFileReference; fileEncoding = 4; lastKnownFileType = sourcecode.c.h; path = FileStorageHelper.h; sourceTree = "<group>"; };
		FCA6A1F916CAD0F200E81581 /* FileStorageHelper.m */ = {isa = PBXFileReference; fileEncoding = 4; lastKnownFileType = sourcecode.c.objc; path = FileStorageHelper.m; sourceTree = "<group>"; };
		FCB7664C16D7DB0200A5EAE8 /* libz.dylib */ = {isa = PBXFileReference; lastKnownFileType = "compiled.mach-o.dylib"; name = libz.dylib; path = usr/lib/libz.dylib; sourceTree = SDKROOT; };
		FCB7664E16D7DC7100A5EAE8 /* UIImage+OpenCV.h */ = {isa = PBXFileReference; fileEncoding = 4; lastKnownFileType = sourcecode.c.h; path = "UIImage+OpenCV.h"; sourceTree = "<group>"; };
		FCB7664F16D7DC7100A5EAE8 /* UIImage+OpenCV.mm */ = {isa = PBXFileReference; fileEncoding = 4; lastKnownFileType = sourcecode.cpp.objcpp; path = "UIImage+OpenCV.mm"; sourceTree = "<group>"; };
		FCBE9A1216CACEB60024CAE4 /* ChoicesViewController.h */ = {isa = PBXFileReference; fileEncoding = 4; lastKnownFileType = sourcecode.c.h; path = ChoicesViewController.h; sourceTree = "<group>"; };
		FCBE9A1316CACEB60024CAE4 /* ChoicesViewController.m */ = {isa = PBXFileReference; fileEncoding = 4; lastKnownFileType = sourcecode.c.objc; path = ChoicesViewController.m; sourceTree = "<group>"; };
		FCBE9A1616CACEB60024CAE4 /* OptionsViewController.h */ = {isa = PBXFileReference; fileEncoding = 4; lastKnownFileType = sourcecode.c.h; path = OptionsViewController.h; sourceTree = "<group>"; };
		FCBE9A1716CACEB60024CAE4 /* OptionsViewController.m */ = {isa = PBXFileReference; fileEncoding = 4; lastKnownFileType = sourcecode.c.objc; path = OptionsViewController.m; sourceTree = "<group>"; };
		FCBE9A1816CACEB60024CAE4 /* SettingsViewController.h */ = {isa = PBXFileReference; fileEncoding = 4; lastKnownFileType = sourcecode.c.h; path = SettingsViewController.h; sourceTree = "<group>"; };
		FCBE9A1916CACEB60024CAE4 /* SettingsViewController.m */ = {isa = PBXFileReference; fileEncoding = 4; lastKnownFileType = sourcecode.c.objc; path = SettingsViewController.m; sourceTree = "<group>"; };
		FCBE9A1A16CACEB60024CAE4 /* CameraViewController.h */ = {isa = PBXFileReference; fileEncoding = 4; lastKnownFileType = sourcecode.c.h; path = CameraViewController.h; sourceTree = "<group>"; };
		FCBE9A1B16CACEB60024CAE4 /* CameraViewController.m */ = {isa = PBXFileReference; fileEncoding = 4; lastKnownFileType = sourcecode.c.objc; path = CameraViewController.m; sourceTree = "<group>"; };
		FCBE9A1C16CACEB60024CAE4 /* DetectPhotoViewController.h */ = {isa = PBXFileReference; fileEncoding = 4; lastKnownFileType = sourcecode.c.h; path = DetectPhotoViewController.h; sourceTree = "<group>"; };
		FCBE9A1D16CACEB60024CAE4 /* DetectPhotoViewController.m */ = {isa = PBXFileReference; fileEncoding = 4; lastKnownFileType = sourcecode.c.objc; path = DetectPhotoViewController.m; sourceTree = "<group>"; };
		FCBE9A1E16CACEB60024CAE4 /* HOGFeature.h */ = {isa = PBXFileReference; fileEncoding = 4; lastKnownFileType = sourcecode.c.h; path = HOGFeature.h; sourceTree = "<group>"; };
		FCBE9A1F16CACEB60024CAE4 /* HOGFeature.m */ = {isa = PBXFileReference; fileEncoding = 4; lastKnownFileType = sourcecode.c.objc; path = HOGFeature.m; sourceTree = "<group>"; };
		FCBE9A2016CACEB60024CAE4 /* ConvolutionHelper.h */ = {isa = PBXFileReference; fileEncoding = 4; lastKnownFileType = sourcecode.c.h; path = ConvolutionHelper.h; sourceTree = "<group>"; };
		FCBE9A2116CACEB60024CAE4 /* ConvolutionHelper.m */ = {isa = PBXFileReference; fileEncoding = 4; lastKnownFileType = sourcecode.c.objc; path = ConvolutionHelper.m; sourceTree = "<group>"; };
		FCBE9A2216CACEB60024CAE4 /* ImageProcessingHelper.h */ = {isa = PBXFileReference; fileEncoding = 4; lastKnownFileType = sourcecode.c.h; path = ImageProcessingHelper.h; sourceTree = "<group>"; };
		FCBE9A2316CACEB60024CAE4 /* ImageProcessingHelper.m */ = {isa = PBXFileReference; fileEncoding = 4; lastKnownFileType = sourcecode.c.objc; path = ImageProcessingHelper.m; sourceTree = "<group>"; };
		FCBE9A2616CACEB60024CAE4 /* DetectView.h */ = {isa = PBXFileReference; fileEncoding = 4; lastKnownFileType = sourcecode.c.h; path = DetectView.h; sourceTree = "<group>"; };
		FCBE9A2716CACEB60024CAE4 /* DetectView.m */ = {isa = PBXFileReference; fileEncoding = 4; lastKnownFileType = sourcecode.c.objc; path = DetectView.m; sourceTree = "<group>"; };
		FCFB1BE216D675FF004F0B54 /* TrainingImagesTableViewController.h */ = {isa = PBXFileReference; fileEncoding = 4; lastKnownFileType = sourcecode.c.h; path = TrainingImagesTableViewController.h; sourceTree = "<group>"; };
		FCFB1BE316D675FF004F0B54 /* TrainingImagesTableViewController.m */ = {isa = PBXFileReference; fileEncoding = 4; lastKnownFileType = sourcecode.c.objc; path = TrainingImagesTableViewController.m; sourceTree = "<group>"; };
		FCFB1BE916D6909D004F0B54 /* ShowTrainingImageViewController.h */ = {isa = PBXFileReference; fileEncoding = 4; lastKnownFileType = sourcecode.c.h; name = ShowTrainingImageViewController.h; path = ../ShowTrainingImageViewController.h; sourceTree = "<group>"; };
		FCFB1BEA16D6909D004F0B54 /* ShowTrainingImageViewController.m */ = {isa = PBXFileReference; fileEncoding = 4; lastKnownFileType = sourcecode.c.objc; name = ShowTrainingImageViewController.m; path = ../ShowTrainingImageViewController.m; sourceTree = "<group>"; };
		FCFB1BEC16D6BEE5004F0B54 /* UIImage+Resize.h */ = {isa = PBXFileReference; fileEncoding = 4; lastKnownFileType = sourcecode.c.h; path = "UIImage+Resize.h"; sourceTree = "<group>"; };
		FCFB1BED16D6BEE5004F0B54 /* UIImage+Resize.m */ = {isa = PBXFileReference; fileEncoding = 4; lastKnownFileType = sourcecode.c.objc; path = "UIImage+Resize.m"; sourceTree = "<group>"; };
		FCFB1BF016D6BF8F004F0B54 /* UIImage+Alpha.h */ = {isa = PBXFileReference; fileEncoding = 4; lastKnownFileType = sourcecode.c.h; path = "UIImage+Alpha.h"; sourceTree = "<group>"; };
		FCFB1BF116D6BF8F004F0B54 /* UIImage+Alpha.m */ = {isa = PBXFileReference; fileEncoding = 4; lastKnownFileType = sourcecode.c.objc; path = "UIImage+Alpha.m"; sourceTree = "<group>"; };
		FCFB1BF316D6BF9A004F0B54 /* UIImage+RoundedCorner.h */ = {isa = PBXFileReference; fileEncoding = 4; lastKnownFileType = sourcecode.c.h; path = "UIImage+RoundedCorner.h"; sourceTree = "<group>"; };
		FCFB1BF416D6BF9A004F0B54 /* UIImage+RoundedCorner.m */ = {isa = PBXFileReference; fileEncoding = 4; lastKnownFileType = sourcecode.c.objc; path = "UIImage+RoundedCorner.m"; sourceTree = "<group>"; };
		FCFB1BF616D6F363004F0B54 /* TrainingClassifier.h */ = {isa = PBXFileReference; fileEncoding = 4; lastKnownFileType = sourcecode.c.h; path = TrainingClassifier.h; sourceTree = "<group>"; };
		FCFB1BF716D6F364004F0B54 /* TrainingClassifier.mm */ = {isa = PBXFileReference; fileEncoding = 4; lastKnownFileType = sourcecode.cpp.objcpp; path = TrainingClassifier.mm; sourceTree = "<group>"; };
/* End PBXFileReference section */

/* Begin PBXFrameworksBuildPhase section */
		FC00AC9316C539C800BE112E /* Frameworks */ = {
			isa = PBXFrameworksBuildPhase;
			buildActionMask = 2147483647;
			files = (
				FCB7664D16D7DB0200A5EAE8 /* libz.dylib in Frameworks */,
				FC43B73016CD725B00BF4048 /* Accelerate.framework in Frameworks */,
				FC43B6B816CADE9300BF4048 /* CoreMedia.framework in Frameworks */,
				FC43B6B616CADB0C00BF4048 /* AudioToolbox.framework in Frameworks */,
				FC43B6B416CADB0400BF4048 /* CoreMotion.framework in Frameworks */,
				FC00ACD216C56E9800BE112E /* AVFoundation.framework in Frameworks */,
				FC00ACCC16C56E7C00BE112E /* CoreImage.framework in Frameworks */,
				FC00AC9A16C539C800BE112E /* UIKit.framework in Frameworks */,
				FC00AC9C16C539C800BE112E /* Foundation.framework in Frameworks */,
				FC00AC9E16C539C800BE112E /* CoreGraphics.framework in Frameworks */,
				FC00ACD416C56EE600BE112E /* QuartzCore.framework in Frameworks */,
				FC00ACD916C56F2A00BE112E /* CoreVideo.framework in Frameworks */,
				FC602AFB16DBB265005FDAC8 /* opencv2.framework in Frameworks */,
			);
			runOnlyForDeploymentPostprocessing = 0;
		};
/* End PBXFrameworksBuildPhase section */

/* Begin PBXGroup section */
		FC00AC8D16C539C800BE112E = {
			isa = PBXGroup;
			children = (
				FC00AC9F16C539C800BE112E /* DetectMe */,
				FC00AC9816C539C800BE112E /* Frameworks */,
				FC00AC9716C539C800BE112E /* Products */,
			);
			sourceTree = "<group>";
		};
		FC00AC9716C539C800BE112E /* Products */ = {
			isa = PBXGroup;
			children = (
				FC00AC9616C539C800BE112E /* DetectMe.app */,
			);
			name = Products;
			sourceTree = "<group>";
		};
		FC00AC9816C539C800BE112E /* Frameworks */ = {
			isa = PBXGroup;
			children = (
				FCB7664C16D7DB0200A5EAE8 /* libz.dylib */,
				FC602AFA16DBB265005FDAC8 /* opencv2.framework */,
				FC43B72F16CD725A00BF4048 /* Accelerate.framework */,
				FC43B6B716CADE9300BF4048 /* CoreMedia.framework */,
				FC43B6B516CADB0C00BF4048 /* AudioToolbox.framework */,
				FC43B6B316CADB0400BF4048 /* CoreMotion.framework */,
				FC00AC9B16C539C800BE112E /* Foundation.framework */,
				FC00AC9916C539C800BE112E /* UIKit.framework */,
				FC00ACD816C56F2A00BE112E /* MobileCoreServices.framework */,
				FC00ACD516C56F0800BE112E /* MediaPlayer.framework */,
				FC00ACD116C56E9700BE112E /* AVFoundation.framework */,
				FC00ACCF16C56E9200BE112E /* AssetsLibrary.framework */,
				FC00ACD316C56EE600BE112E /* QuartzCore.framework */,
				FC00ACCD16C56E8900BE112E /* ImageIO.framework */,
				FC00ACCB16C56E7C00BE112E /* CoreImage.framework */,
				FC00ACD716C56F2A00BE112E /* CoreVideo.framework */,
				FC00AC9D16C539C800BE112E /* CoreGraphics.framework */,
			);
			name = Frameworks;
			sourceTree = "<group>";
		};
		FC00AC9F16C539C800BE112E /* DetectMe */ = {
			isa = PBXGroup;
			children = (
				FCFB1BEF16D6BF43004F0B54 /* UIImage Categories */,
				FCA6A1FD16CAD31300E81581 /* Controllers */,
				FCBE9A1E16CACEB60024CAE4 /* HOGFeature.h */,
				FCBE9A1F16CACEB60024CAE4 /* HOGFeature.m */,
				FCBE9A2016CACEB60024CAE4 /* ConvolutionHelper.h */,
				FCBE9A2116CACEB60024CAE4 /* ConvolutionHelper.m */,
				FC18515816D4338500630140 /* FourierTransform.h */,
				FC18515916D4338500630140 /* FourierTransform.m */,
				FCFB1BF616D6F363004F0B54 /* TrainingClassifier.h */,
				FCFB1BF716D6F364004F0B54 /* TrainingClassifier.mm */,
				FCBE9A2216CACEB60024CAE4 /* ImageProcessingHelper.h */,
				FCBE9A2316CACEB60024CAE4 /* ImageProcessingHelper.m */,
				FCA6A1F816CAD0F200E81581 /* FileStorageHelper.h */,
				FCA6A1F916CAD0F200E81581 /* FileStorageHelper.m */,
				FC00ACC916C56CEC00BE112E /* MainStoryboard.storyboard */,
				FC00ACA016C539C800BE112E /* Supporting Files */,
			);
			path = DetectMe;
			sourceTree = "<group>";
		};
		FC00ACA016C539C800BE112E /* Supporting Files */ = {
			isa = PBXGroup;
			children = (
				FC00ACA816C539C800BE112E /* AppDelegate.h */,
				FC00ACA916C539C800BE112E /* AppDelegate.m */,
				FC00ACA116C539C800BE112E /* DetectMe-Info.plist */,
				FC00ACA216C539C800BE112E /* InfoPlist.strings */,
				FC00ACA516C539C800BE112E /* main.m */,
				FC00ACA716C539C800BE112E /* DetectMe-Prefix.pch */,
				FC00ACAB16C539C800BE112E /* Default.png */,
				FC00ACAD16C539C800BE112E /* Default@2x.png */,
				FC00ACAF16C539C800BE112E /* Default-568h@2x.png */,
			);
			name = "Supporting Files";
			sourceTree = "<group>";
		};
		FCA6A1FD16CAD31300E81581 /* Controllers */ = {
			isa = PBXGroup;
			children = (
				FCFB1BE516D68DFB004F0B54 /* Main */,
				FCFB1BE616D68E06004F0B54 /* Train */,
				FCFB1BE716D68E29004F0B54 /* Detect Video */,
				FCFB1BE816D68E37004F0B54 /* Detect Photo */,
				FCBE9A1616CACEB60024CAE4 /* OptionsViewController.h */,
				FCBE9A1716CACEB60024CAE4 /* OptionsViewController.m */,
				FCBE9A2616CACEB60024CAE4 /* DetectView.h */,
				FCBE9A2716CACEB60024CAE4 /* DetectView.m */,
			);
			name = Controllers;
			sourceTree = "<group>";
		};
		FCFB1BE516D68DFB004F0B54 /* Main */ = {
			isa = PBXGroup;
			children = (
				FCBE9A1216CACEB60024CAE4 /* ChoicesViewController.h */,
				FCBE9A1316CACEB60024CAE4 /* ChoicesViewController.m */,
				FC43B6B916CB093400BF4048 /* TemplateTableViewController.h */,
				FC43B6BA16CB093400BF4048 /* TemplateTableViewController.m */,
			);
			name = Main;
			sourceTree = "<group>";
		};
		FCFB1BE616D68E06004F0B54 /* Train */ = {
			isa = PBXGroup;
			children = (
				FC18515B16D5195C00630140 /* LearnViewController.h */,
				FC18515C16D5195C00630140 /* LearnViewController.m */,
				FCFB1BE216D675FF004F0B54 /* TrainingImagesTableViewController.h */,
				FCFB1BE316D675FF004F0B54 /* TrainingImagesTableViewController.m */,
				FCFB1BE916D6909D004F0B54 /* ShowTrainingImageViewController.h */,
				FCFB1BEA16D6909D004F0B54 /* ShowTrainingImageViewController.m */,
				FC18515E16D533D900630140 /* RectFrameLearnView.h */,
				FC18515F16D533DA00630140 /* RectFrameLearnView.m */,
			);
			name = Train;
			sourceTree = "<group>";
		};
		FCFB1BE716D68E29004F0B54 /* Detect Video */ = {
			isa = PBXGroup;
			children = (
				FCBE9A1A16CACEB60024CAE4 /* CameraViewController.h */,
				FCBE9A1B16CACEB60024CAE4 /* CameraViewController.m */,
				FCBE9A1816CACEB60024CAE4 /* SettingsViewController.h */,
				FCBE9A1916CACEB60024CAE4 /* SettingsViewController.m */,
			);
			name = "Detect Video";
			sourceTree = "<group>";
		};
		FCFB1BE816D68E37004F0B54 /* Detect Photo */ = {
			isa = PBXGroup;
			children = (
				FCBE9A1C16CACEB60024CAE4 /* DetectPhotoViewController.h */,
				FCBE9A1D16CACEB60024CAE4 /* DetectPhotoViewController.m */,
			);
			name = "Detect Photo";
			sourceTree = "<group>";
		};
		FCFB1BEF16D6BF43004F0B54 /* UIImage Categories */ = {
			isa = PBXGroup;
			children = (
				FCFB1BEC16D6BEE5004F0B54 /* UIImage+Resize.h */,
				FCFB1BED16D6BEE5004F0B54 /* UIImage+Resize.m */,
				FCFB1BF016D6BF8F004F0B54 /* UIImage+Alpha.h */,
				FCFB1BF116D6BF8F004F0B54 /* UIImage+Alpha.m */,
				FCFB1BF316D6BF9A004F0B54 /* UIImage+RoundedCorner.h */,
				FCFB1BF416D6BF9A004F0B54 /* UIImage+RoundedCorner.m */,
				FCB7664E16D7DC7100A5EAE8 /* UIImage+OpenCV.h */,
				FCB7664F16D7DC7100A5EAE8 /* UIImage+OpenCV.mm */,
			);
			name = "UIImage Categories";
			sourceTree = "<group>";
		};
/* End PBXGroup section */

/* Begin PBXNativeTarget section */
		FC00AC9516C539C800BE112E /* DetectMe */ = {
			isa = PBXNativeTarget;
			buildConfigurationList = FC00ACB916C539C800BE112E /* Build configuration list for PBXNativeTarget "DetectMe" */;
			buildPhases = (
				FC00AC9216C539C800BE112E /* Sources */,
				FC00AC9316C539C800BE112E /* Frameworks */,
				FC00AC9416C539C800BE112E /* Resources */,
			);
			buildRules = (
			);
			dependencies = (
			);
			name = DetectMe;
			productName = DetectMe;
			productReference = FC00AC9616C539C800BE112E /* DetectMe.app */;
			productType = "com.apple.product-type.application";
		};
/* End PBXNativeTarget section */

/* Begin PBXProject section */
		FC00AC8E16C539C800BE112E /* Project object */ = {
			isa = PBXProject;
			attributes = {
				LastUpgradeCheck = 0460;
				ORGANIZATIONNAME = "Josep Marc Mingot Hidalgo";
			};
			buildConfigurationList = FC00AC9116C539C800BE112E /* Build configuration list for PBXProject "DetectMe" */;
			compatibilityVersion = "Xcode 3.2";
			developmentRegion = English;
			hasScannedForEncodings = 0;
			knownRegions = (
				en,
			);
			mainGroup = FC00AC8D16C539C800BE112E;
			productRefGroup = FC00AC9716C539C800BE112E /* Products */;
			projectDirPath = "";
			projectRoot = "";
			targets = (
				FC00AC9516C539C800BE112E /* DetectMe */,
			);
		};
/* End PBXProject section */

/* Begin PBXResourcesBuildPhase section */
		FC00AC9416C539C800BE112E /* Resources */ = {
			isa = PBXResourcesBuildPhase;
			buildActionMask = 2147483647;
			files = (
				FC00ACA416C539C800BE112E /* InfoPlist.strings in Resources */,
				FC00ACAC16C539C800BE112E /* Default.png in Resources */,
				FC00ACAE16C539C800BE112E /* Default@2x.png in Resources */,
				FC00ACB016C539C800BE112E /* Default-568h@2x.png in Resources */,
				FC00ACCA16C56CEC00BE112E /* MainStoryboard.storyboard in Resources */,
			);
			runOnlyForDeploymentPostprocessing = 0;
		};
/* End PBXResourcesBuildPhase section */

/* Begin PBXSourcesBuildPhase section */
		FC00AC9216C539C800BE112E /* Sources */ = {
			isa = PBXSourcesBuildPhase;
			buildActionMask = 2147483647;
			files = (
				FC00ACA616C539C800BE112E /* main.m in Sources */,
				FC00ACAA16C539C800BE112E /* AppDelegate.m in Sources */,
				FCBE9A2816CACEB60024CAE4 /* ChoicesViewController.m in Sources */,
				FCBE9A2A16CACEB60024CAE4 /* OptionsViewController.m in Sources */,
				FCBE9A2B16CACEB60024CAE4 /* SettingsViewController.m in Sources */,
				FCBE9A2C16CACEB60024CAE4 /* CameraViewController.m in Sources */,
				FCBE9A2D16CACEB60024CAE4 /* DetectPhotoViewController.m in Sources */,
				FCBE9A2E16CACEB60024CAE4 /* HOGFeature.m in Sources */,
				FCBE9A2F16CACEB60024CAE4 /* ConvolutionHelper.m in Sources */,
				FCBE9A3016CACEB60024CAE4 /* ImageProcessingHelper.m in Sources */,
				FCBE9A3216CACEB60024CAE4 /* DetectView.m in Sources */,
				FCA6A1FA16CAD0F200E81581 /* FileStorageHelper.m in Sources */,
				FC43B6BB16CB093500BF4048 /* TemplateTableViewController.m in Sources */,
				FC18515A16D4338500630140 /* FourierTransform.m in Sources */,
				FC18515D16D5195C00630140 /* LearnViewController.m in Sources */,
				FC18516016D533DA00630140 /* RectFrameLearnView.m in Sources */,
				FCFB1BE416D675FF004F0B54 /* TrainingImagesTableViewController.m in Sources */,
				FCFB1BEB16D6909D004F0B54 /* ShowTrainingImageViewController.m in Sources */,
				FCFB1BEE16D6BEE6004F0B54 /* UIImage+Resize.m in Sources */,
				FCFB1BF216D6BF8F004F0B54 /* UIImage+Alpha.m in Sources */,
				FCFB1BF516D6BF9A004F0B54 /* UIImage+RoundedCorner.m in Sources */,
				FCFB1BF816D6F364004F0B54 /* TrainingClassifier.mm in Sources */,
				FCB7665016D7DC7100A5EAE8 /* UIImage+OpenCV.mm in Sources */,
			);
			runOnlyForDeploymentPostprocessing = 0;
		};
/* End PBXSourcesBuildPhase section */

/* Begin PBXVariantGroup section */
		FC00ACA216C539C800BE112E /* InfoPlist.strings */ = {
			isa = PBXVariantGroup;
			children = (
				FC00ACA316C539C800BE112E /* en */,
			);
			name = InfoPlist.strings;
			sourceTree = "<group>";
		};
/* End PBXVariantGroup section */

/* Begin XCBuildConfiguration section */
		FC00ACB716C539C800BE112E /* Debug */ = {
			isa = XCBuildConfiguration;
			buildSettings = {
				ALWAYS_SEARCH_USER_PATHS = YES;
				CLANG_CXX_LANGUAGE_STANDARD = "gnu++0x";
				CLANG_CXX_LIBRARY = "libc++";
				CLANG_ENABLE_OBJC_ARC = YES;
				CLANG_WARN_CONSTANT_CONVERSION = YES;
				CLANG_WARN_EMPTY_BODY = YES;
				CLANG_WARN_ENUM_CONVERSION = YES;
				CLANG_WARN_INT_CONVERSION = YES;
				CLANG_WARN__DUPLICATE_METHOD_MATCH = YES;
				"CODE_SIGN_IDENTITY[sdk=iphoneos*]" = "iPhone Developer";
				COPY_PHASE_STRIP = NO;
				GCC_C_LANGUAGE_STANDARD = gnu99;
				GCC_DYNAMIC_NO_PIC = NO;
				GCC_OPTIMIZATION_LEVEL = 0;
				GCC_PREPROCESSOR_DEFINITIONS = (
					"DEBUG=1",
					"$(inherited)",
				);
				GCC_SYMBOLS_PRIVATE_EXTERN = NO;
				GCC_WARN_ABOUT_RETURN_TYPE = YES;
				GCC_WARN_UNINITIALIZED_AUTOS = YES;
				GCC_WARN_UNUSED_VARIABLE = YES;
				HEADER_SEARCH_PATHS = "../opencv2**";
				IPHONEOS_DEPLOYMENT_TARGET = 6.1;
				ONLY_ACTIVE_ARCH = YES;
				SDKROOT = iphoneos;
			};
			name = Debug;
		};
		FC00ACB816C539C800BE112E /* Release */ = {
			isa = XCBuildConfiguration;
			buildSettings = {
				ALWAYS_SEARCH_USER_PATHS = YES;
				CLANG_CXX_LANGUAGE_STANDARD = "gnu++0x";
				CLANG_CXX_LIBRARY = "libc++";
				CLANG_ENABLE_OBJC_ARC = YES;
				CLANG_WARN_CONSTANT_CONVERSION = YES;
				CLANG_WARN_EMPTY_BODY = YES;
				CLANG_WARN_ENUM_CONVERSION = YES;
				CLANG_WARN_INT_CONVERSION = YES;
				CLANG_WARN__DUPLICATE_METHOD_MATCH = YES;
				"CODE_SIGN_IDENTITY[sdk=iphoneos*]" = "iPhone Developer";
				COPY_PHASE_STRIP = YES;
				GCC_C_LANGUAGE_STANDARD = gnu99;
				GCC_WARN_ABOUT_RETURN_TYPE = YES;
				GCC_WARN_UNINITIALIZED_AUTOS = YES;
				GCC_WARN_UNUSED_VARIABLE = YES;
				HEADER_SEARCH_PATHS = "../opencv2**";
				IPHONEOS_DEPLOYMENT_TARGET = 6.1;
				OTHER_CFLAGS = "-DNS_BLOCK_ASSERTIONS=1";
				SDKROOT = iphoneos;
				VALIDATE_PRODUCT = YES;
			};
			name = Release;
		};
		FC00ACBA16C539C800BE112E /* Debug */ = {
			isa = XCBuildConfiguration;
			buildSettings = {
				FRAMEWORK_SEARCH_PATHS = (
					"$(inherited)",
					"\"$(SRCROOT)\"",
				);
				GCC_PRECOMPILE_PREFIX_HEADER = YES;
				GCC_PREFIX_HEADER = "DetectMe/DetectMe-Prefix.pch";
				INFOPLIST_FILE = "DetectMe/DetectMe-Info.plist";
				IPHONEOS_DEPLOYMENT_TARGET = 5.1;
				PRODUCT_NAME = "$(TARGET_NAME)";
				WRAPPER_EXTENSION = app;
			};
			name = Debug;
		};
		FC00ACBB16C539C800BE112E /* Release */ = {
			isa = XCBuildConfiguration;
			buildSettings = {
				FRAMEWORK_SEARCH_PATHS = (
					"$(inherited)",
					"\"$(SRCROOT)\"",
				);
				GCC_PRECOMPILE_PREFIX_HEADER = YES;
				GCC_PREFIX_HEADER = "DetectMe/DetectMe-Prefix.pch";
				INFOPLIST_FILE = "DetectMe/DetectMe-Info.plist";
				IPHONEOS_DEPLOYMENT_TARGET = 5.1;
				PRODUCT_NAME = "$(TARGET_NAME)";
				WRAPPER_EXTENSION = app;
			};
			name = Release;
		};
/* End XCBuildConfiguration section */

/* Begin XCConfigurationList section */
		FC00AC9116C539C800BE112E /* Build configuration list for PBXProject "DetectMe" */ = {
			isa = XCConfigurationList;
			buildConfigurations = (
				FC00ACB716C539C800BE112E /* Debug */,
				FC00ACB816C539C800BE112E /* Release */,
			);
			defaultConfigurationIsVisible = 0;
			defaultConfigurationName = Release;
		};
		FC00ACB916C539C800BE112E /* Build configuration list for PBXNativeTarget "DetectMe" */ = {
			isa = XCConfigurationList;
			buildConfigurations = (
				FC00ACBA16C539C800BE112E /* Debug */,
				FC00ACBB16C539C800BE112E /* Release */,
			);
			defaultConfigurationIsVisible = 0;
			defaultConfigurationName = Release;
		};
/* End XCConfigurationList section */
	};
	rootObject = FC00AC8E16C539C800BE112E /* Project object */;
}
